// !$*UTF8*$!
{
	archiveVersion = 1;
	classes = {
	};
	objectVersion = 46;
	objects = {

/* Begin PBXBuildFile section */
		8401A24C1BE9EC70008FA2FC /* main.cpp in Sources */ = {isa = PBXBuildFile; fileRef = 8401A24B1BE9EC70008FA2FC /* main.cpp */; };
		8401A2561BE9EC91008FA2FC /* SeqList.cpp in Sources */ = {isa = PBXBuildFile; fileRef = 8401A2521BE9EC91008FA2FC /* SeqList.cpp */; };
		8401A2571BE9EC91008FA2FC /* SeqQueue.cpp in Sources */ = {isa = PBXBuildFile; fileRef = 8401A2541BE9EC91008FA2FC /* SeqQueue.cpp */; };
		8401A2621BE9EC97008FA2FC /* BiTree.cpp in Sources */ = {isa = PBXBuildFile; fileRef = 8401A2581BE9EC97008FA2FC /* BiTree.cpp */; };
		8401A2631BE9EC97008FA2FC /* DecimalTrueOctal.cpp in Sources */ = {isa = PBXBuildFile; fileRef = 8401A25A1BE9EC97008FA2FC /* DecimalTrueOctal.cpp */; };
		8401A2641BE9EC97008FA2FC /* LinkList.cpp in Sources */ = {isa = PBXBuildFile; fileRef = 8401A25C1BE9EC97008FA2FC /* LinkList.cpp */; };
		8401A2651BE9EC97008FA2FC /* LinkQueue.cpp in Sources */ = {isa = PBXBuildFile; fileRef = 8401A25E1BE9EC97008FA2FC /* LinkQueue.cpp */; };
		8401A2661BE9EC97008FA2FC /* LinkStack.cpp in Sources */ = {isa = PBXBuildFile; fileRef = 8401A2601BE9EC97008FA2FC /* LinkStack.cpp */; };
		9D2239C91BF98474006C26E0 /* MGraph.cpp in Sources */ = {isa = PBXBuildFile; fileRef = 9D2239C71BF98474006C26E0 /* MGraph.cpp */; };
/* End PBXBuildFile section */

/* Begin PBXCopyFilesBuildPhase section */
		8401A2461BE9EC70008FA2FC /* CopyFiles */ = {
			isa = PBXCopyFilesBuildPhase;
			buildActionMask = 2147483647;
			dstPath = /usr/share/man/man1/;
			dstSubfolderSpec = 0;
			files = (
			);
			runOnlyForDeploymentPostprocessing = 1;
		};
/* End PBXCopyFilesBuildPhase section */

/* Begin PBXFileReference section */
		8401A2481BE9EC70008FA2FC /* Xcode_ADT */ = {isa = PBXFileReference; explicitFileType = "compiled.mach-o.executable"; includeInIndex = 0; path = Xcode_ADT; sourceTree = BUILT_PRODUCTS_DIR; };
		8401A24B1BE9EC70008FA2FC /* main.cpp */ = {isa = PBXFileReference; lastKnownFileType = sourcecode.cpp.cpp; path = main.cpp; sourceTree = "<group>"; };
		8401A2521BE9EC91008FA2FC /* SeqList.cpp */ = {isa = PBXFileReference; fileEncoding = 4; lastKnownFileType = sourcecode.cpp.cpp; path = SeqList.cpp; sourceTree = "<group>"; };
		8401A2531BE9EC91008FA2FC /* SeqList.hpp */ = {isa = PBXFileReference; fileEncoding = 4; lastKnownFileType = sourcecode.cpp.h; path = SeqList.hpp; sourceTree = "<group>"; };
		8401A2541BE9EC91008FA2FC /* SeqQueue.cpp */ = {isa = PBXFileReference; fileEncoding = 4; lastKnownFileType = sourcecode.cpp.cpp; path = SeqQueue.cpp; sourceTree = "<group>"; };
		8401A2551BE9EC91008FA2FC /* SeqQueue.hpp */ = {isa = PBXFileReference; fileEncoding = 4; lastKnownFileType = sourcecode.cpp.h; path = SeqQueue.hpp; sourceTree = "<group>"; };
		8401A2581BE9EC97008FA2FC /* BiTree.cpp */ = {isa = PBXFileReference; fileEncoding = 4; lastKnownFileType = sourcecode.cpp.cpp; path = BiTree.cpp; sourceTree = "<group>"; };
		8401A2591BE9EC97008FA2FC /* BiTree.hpp */ = {isa = PBXFileReference; fileEncoding = 4; lastKnownFileType = sourcecode.cpp.h; path = BiTree.hpp; sourceTree = "<group>"; };
		8401A25A1BE9EC97008FA2FC /* DecimalTrueOctal.cpp */ = {isa = PBXFileReference; fileEncoding = 4; lastKnownFileType = sourcecode.cpp.cpp; path = DecimalTrueOctal.cpp; sourceTree = "<group>"; };
		8401A25B1BE9EC97008FA2FC /* DecimalTrueOctal.hpp */ = {isa = PBXFileReference; fileEncoding = 4; lastKnownFileType = sourcecode.cpp.h; path = DecimalTrueOctal.hpp; sourceTree = "<group>"; };
		8401A25C1BE9EC97008FA2FC /* LinkList.cpp */ = {isa = PBXFileReference; fileEncoding = 4; lastKnownFileType = sourcecode.cpp.cpp; path = LinkList.cpp; sourceTree = "<group>"; };
		8401A25D1BE9EC97008FA2FC /* LinkList.hpp */ = {isa = PBXFileReference; fileEncoding = 4; lastKnownFileType = sourcecode.cpp.h; path = LinkList.hpp; sourceTree = "<group>"; };
		8401A25E1BE9EC97008FA2FC /* LinkQueue.cpp */ = {isa = PBXFileReference; fileEncoding = 4; lastKnownFileType = sourcecode.cpp.cpp; path = LinkQueue.cpp; sourceTree = "<group>"; };
		8401A25F1BE9EC97008FA2FC /* LinkQueue.hpp */ = {isa = PBXFileReference; fileEncoding = 4; lastKnownFileType = sourcecode.cpp.h; path = LinkQueue.hpp; sourceTree = "<group>"; };
		8401A2601BE9EC97008FA2FC /* LinkStack.cpp */ = {isa = PBXFileReference; fileEncoding = 4; lastKnownFileType = sourcecode.cpp.cpp; path = LinkStack.cpp; sourceTree = "<group>"; };
		8401A2611BE9EC97008FA2FC /* LinkStack.hpp */ = {isa = PBXFileReference; fileEncoding = 4; lastKnownFileType = sourcecode.cpp.h; path = LinkStack.hpp; sourceTree = "<group>"; };
		9D2239C71BF98474006C26E0 /* MGraph.cpp */ = {isa = PBXFileReference; fileEncoding = 4; lastKnownFileType = sourcecode.cpp.cpp; path = MGraph.cpp; sourceTree = "<group>"; };
		9D2239C81BF98474006C26E0 /* MGraph.h */ = {isa = PBXFileReference; fileEncoding = 4; lastKnownFileType = sourcecode.c.h; path = MGraph.h; sourceTree = "<group>"; };
/* End PBXFileReference section */

/* Begin PBXFrameworksBuildPhase section */
		8401A2451BE9EC70008FA2FC /* Frameworks */ = {
			isa = PBXFrameworksBuildPhase;
			buildActionMask = 2147483647;
			files = (
			);
			runOnlyForDeploymentPostprocessing = 0;
		};
/* End PBXFrameworksBuildPhase section */

/* Begin PBXGroup section */
		8401A23F1BE9EC70008FA2FC = {
			isa = PBXGroup;
			children = (
				8401A24A1BE9EC70008FA2FC /* Xcode_ADT */,
				8401A2491BE9EC70008FA2FC /* Products */,
			);
			sourceTree = "<group>";
		};
		8401A2491BE9EC70008FA2FC /* Products */ = {
			isa = PBXGroup;
			children = (
				8401A2481BE9EC70008FA2FC /* Xcode_ADT */,
			);
			name = Products;
			sourceTree = "<group>";
		};
		8401A24A1BE9EC70008FA2FC /* Xcode_ADT */ = {
			isa = PBXGroup;
			children = (
				8401A24B1BE9EC70008FA2FC /* main.cpp */,
				8401A2521BE9EC91008FA2FC /* SeqList.cpp */,
				8401A2531BE9EC91008FA2FC /* SeqList.hpp */,
				8401A2541BE9EC91008FA2FC /* SeqQueue.cpp */,
				8401A2551BE9EC91008FA2FC /* SeqQueue.hpp */,
				8401A2581BE9EC97008FA2FC /* BiTree.cpp */,
				8401A2591BE9EC97008FA2FC /* BiTree.hpp */,
				8401A25A1BE9EC97008FA2FC /* DecimalTrueOctal.cpp */,
				8401A25B1BE9EC97008FA2FC /* DecimalTrueOctal.hpp */,
				8401A25C1BE9EC97008FA2FC /* LinkList.cpp */,
				8401A25D1BE9EC97008FA2FC /* LinkList.hpp */,
				8401A25E1BE9EC97008FA2FC /* LinkQueue.cpp */,
				8401A25F1BE9EC97008FA2FC /* LinkQueue.hpp */,
				8401A2601BE9EC97008FA2FC /* LinkStack.cpp */,
				8401A2611BE9EC97008FA2FC /* LinkStack.hpp */,
				9D2239C71BF98474006C26E0 /* MGraph.cpp */,
				9D2239C81BF98474006C26E0 /* MGraph.h */,
			);
			path = Xcode_ADT;
			sourceTree = "<group>";
		};
/* End PBXGroup section */

/* Begin PBXNativeTarget section */
		8401A2471BE9EC70008FA2FC /* Xcode_ADT */ = {
			isa = PBXNativeTarget;
			buildConfigurationList = 8401A24F1BE9EC70008FA2FC /* Build configuration list for PBXNativeTarget "Xcode_ADT" */;
			buildPhases = (
				8401A2441BE9EC70008FA2FC /* Sources */,
				8401A2451BE9EC70008FA2FC /* Frameworks */,
				8401A2461BE9EC70008FA2FC /* CopyFiles */,
			);
			buildRules = (
			);
			dependencies = (
			);
			name = Xcode_ADT;
			productName = Xcode_ADT;
			productReference = 8401A2481BE9EC70008FA2FC /* Xcode_ADT */;
			productType = "com.apple.product-type.tool";
		};
/* End PBXNativeTarget section */

/* Begin PBXProject section */
		8401A2401BE9EC70008FA2FC /* Project object */ = {
			isa = PBXProject;
			attributes = {
				LastUpgradeCheck = 0700;
				ORGANIZATIONNAME = wud.li;
				TargetAttributes = {
					8401A2471BE9EC70008FA2FC = {
						CreatedOnToolsVersion = 7.0;
					};
				};
			};
			buildConfigurationList = 8401A2431BE9EC70008FA2FC /* Build configuration list for PBXProject "Xcode_ADT" */;
			compatibilityVersion = "Xcode 3.2";
			developmentRegion = English;
			hasScannedForEncodings = 0;
			knownRegions = (
				en,
			);
			mainGroup = 8401A23F1BE9EC70008FA2FC;
			productRefGroup = 8401A2491BE9EC70008FA2FC /* Products */;
			projectDirPath = "";
			projectRoot = "";
			targets = (
				8401A2471BE9EC70008FA2FC /* Xcode_ADT */,
			);
		};
/* End PBXProject section */

/* Begin PBXSourcesBuildPhase section */
		8401A2441BE9EC70008FA2FC /* Sources */ = {
			isa = PBXSourcesBuildPhase;
			buildActionMask = 2147483647;
			files = (
				8401A24C1BE9EC70008FA2FC /* main.cpp in Sources */,
				8401A2561BE9EC91008FA2FC /* SeqList.cpp in Sources */,
				9D2239C91BF98474006C26E0 /* MGraph.cpp in Sources */,
				8401A2661BE9EC97008FA2FC /* LinkStack.cpp in Sources */,
				8401A2621BE9EC97008FA2FC /* BiTree.cpp in Sources */,
				8401A2631BE9EC97008FA2FC /* DecimalTrueOctal.cpp in Sources */,
				8401A2571BE9EC91008FA2FC /* SeqQueue.cpp in Sources */,
				8401A2641BE9EC97008FA2FC /* LinkList.cpp in Sources */,
				8401A2651BE9EC97008FA2FC /* LinkQueue.cpp in Sources */,
			);
			runOnlyForDeploymentPostprocessing = 0;
		};
/* End PBXSourcesBuildPhase section */

/* Begin XCBuildConfiguration section */
		8401A24D1BE9EC70008FA2FC /* Debug */ = {
			isa = XCBuildConfiguration;
			buildSettings = {
				ALWAYS_SEARCH_USER_PATHS = NO;
				CLANG_CXX_LANGUAGE_STANDARD = "gnu++0x";
				CLANG_CXX_LIBRARY = "libc++";
				CLANG_ENABLE_MODULES = YES;
				CLANG_ENABLE_OBJC_ARC = YES;
				CLANG_WARN_BOOL_CONVERSION = YES;
				CLANG_WARN_CONSTANT_CONVERSION = YES;
				CLANG_WARN_DIRECT_OBJC_ISA_USAGE = YES_ERROR;
				CLANG_WARN_EMPTY_BODY = YES;
				CLANG_WARN_ENUM_CONVERSION = YES;
				CLANG_WARN_INT_CONVERSION = YES;
				CLANG_WARN_OBJC_ROOT_CLASS = YES_ERROR;
				CLANG_WARN_UNREACHABLE_CODE = YES;
				CLANG_WARN__DUPLICATE_METHOD_MATCH = YES;
				COPY_PHASE_STRIP = NO;
				DEBUG_INFORMATION_FORMAT = dwarf;
				ENABLE_STRICT_OBJC_MSGSEND = YES;
				ENABLE_TESTABILITY = YES;
				GCC_C_LANGUAGE_STANDARD = gnu99;
				GCC_DYNAMIC_NO_PIC = NO;
				GCC_NO_COMMON_BLOCKS = YES;
				GCC_OPTIMIZATION_LEVEL = 0;
				GCC_PREPROCESSOR_DEFINITIONS = (
					"DEBUG=1",
					"$(inherited)",
				);
				GCC_WARN_64_TO_32_BIT_CONVERSION = YES;
				GCC_WARN_ABOUT_RETURN_TYPE = YES_ERROR;
				GCC_WARN_UNDECLARED_SELECTOR = YES;
				GCC_WARN_UNINITIALIZED_AUTOS = YES_AGGRESSIVE;
				GCC_WARN_UNUSED_FUNCTION = YES;
				GCC_WARN_UNUSED_VARIABLE = YES;
				MACOSX_DEPLOYMENT_TARGET = 10.10;
				MTL_ENABLE_DEBUG_INFO = YES;
				ONLY_ACTIVE_ARCH = YES;
				SDKROOT = macosx;
			};
			name = Debug;
		};
		8401A24E1BE9EC70008FA2FC /* Release */ = {
			isa = XCBuildConfiguration;
			buildSettings = {
				ALWAYS_SEARCH_USER_PATHS = NO;
				CLANG_CXX_LANGUAGE_STANDARD = "gnu++0x";
				CLANG_CXX_LIBRARY = "libc++";
				CLANG_ENABLE_MODULES = YES;
				CLANG_ENABLE_OBJC_ARC = YES;
				CLANG_WARN_BOOL_CONVERSION = YES;
				CLANG_WARN_CONSTANT_CONVERSION = YES;
				CLANG_WARN_DIRECT_OBJC_ISA_USAGE = YES_ERROR;
				CLANG_WARN_EMPTY_BODY = YES;
				CLANG_WARN_ENUM_CONVERSION = YES;
				CLANG_WARN_INT_CONVERSION = YES;
				CLANG_WARN_OBJC_ROOT_CLASS = YES_ERROR;
				CLANG_WARN_UNREACHABLE_CODE = YES;
				CLANG_WARN__DUPLICATE_METHOD_MATCH = YES;
				COPY_PHASE_STRIP = NO;
				DEBUG_INFORMATION_FORMAT = "dwarf-with-dsym";
				ENABLE_NS_ASSERTIONS = NO;
				ENABLE_STRICT_OBJC_MSGSEND = YES;
				GCC_C_LANGUAGE_STANDARD = gnu99;
				GCC_NO_COMMON_BLOCKS = YES;
				GCC_WARN_64_TO_32_BIT_CONVERSION = YES;
				GCC_WARN_ABOUT_RETURN_TYPE = YES_ERROR;
				GCC_WARN_UNDECLARED_SELECTOR = YES;
				GCC_WARN_UNINITIALIZED_AUTOS = YES_AGGRESSIVE;
				GCC_WARN_UNUSED_FUNCTION = YES;
				GCC_WARN_UNUSED_VARIABLE = YES;
				MACOSX_DEPLOYMENT_TARGET = 10.10;
				MTL_ENABLE_DEBUG_INFO = NO;
				SDKROOT = macosx;
			};
			name = Release;
		};
		8401A2501BE9EC70008FA2FC /* Debug */ = {
			isa = XCBuildConfiguration;
			buildSettings = {
				PRODUCT_NAME = "$(TARGET_NAME)";
			};
			name = Debug;
		};
		8401A2511BE9EC70008FA2FC /* Release */ = {
			isa = XCBuildConfiguration;
			buildSettings = {
				PRODUCT_NAME = "$(TARGET_NAME)";
			};
			name = Release;
		};
/* End XCBuildConfiguration section */

/* Begin XCConfigurationList section */
		8401A2431BE9EC70008FA2FC /* Build configuration list for PBXProject "Xcode_ADT" */ = {
			isa = XCConfigurationList;
			buildConfigurations = (
				8401A24D1BE9EC70008FA2FC /* Debug */,
				8401A24E1BE9EC70008FA2FC /* Release */,
			);
			defaultConfigurationIsVisible = 0;
			defaultConfigurationName = Release;
		};
		8401A24F1BE9EC70008FA2FC /* Build configuration list for PBXNativeTarget "Xcode_ADT" */ = {
			isa = XCConfigurationList;
			buildConfigurations = (
				8401A2501BE9EC70008FA2FC /* Debug */,
				8401A2511BE9EC70008FA2FC /* Release */,
			);
			defaultConfigurationIsVisible = 0;
			defaultConfigurationName = Release;
		};
/* End XCConfigurationList section */
	};
	rootObject = 8401A2401BE9EC70008FA2FC /* Project object */;
}
